
Microsoft Visual Studio Solution File, Format Version 12.00
# Visual Studio Version 17
VisualStudioVersion = 17.1.32421.90
MinimumVisualStudioVersion = 10.0.40219.1
Project("{FAE04EC0-301F-11D3-BF4B-00C04F79EFBC}") = "OMaior1013", "OMaior1013\OMaior1013.csproj", "{DCE9DAF5-EA94-4DE5-A808-8100B6344DE9}"
EndProject
Global
	GlobalSection(SolutionConfigurationPlatforms) = preSolution
		Debug|Any CPU = Debug|Any CPU
		Release|Any CPU = Release|Any CPU
	EndGlobalSection
	GlobalSection(ProjectConfigurationPlatforms) = postSolution
		{DCE9DAF5-EA94-4DE5-A808-8100B6344DE9}.Debug|Any CPU.ActiveCfg = Debug|Any CPU
		{DCE9DAF5-EA94-4DE5-A808-8100B6344DE9}.Debug|Any CPU.Build.0 = Debug|Any CPU
		{DCE9DAF5-EA94-4DE5-A808-8100B6344DE9}.Release|Any CPU.ActiveCfg = Release|Any CPU
		{DCE9DAF5-EA94-4DE5-A808-8100B6344DE9}.Release|Any CPU.Build.0 = Release|Any CPU
	EndGlobalSection
	GlobalSection(SolutionProperties) = preSolution
		HideSolutionNode = FALSE
	EndGlobalSection
	GlobalSection(ExtensibilityGlobals) = postSolution
		SolutionGuid = {ECDA3811-ADD3-494C-A650-2454F5C0150A}
	EndGlobalSection
EndGlobal
