
Microsoft Visual Studio Solution File, Format Version 12.00
# Visual Studio Version 17
VisualStudioVersion = 17.1.32421.90
MinimumVisualStudioVersion = 10.0.40219.1
Project("{FAE04EC0-301F-11D3-BF4B-00C04F79EFBC}") = "Subsequencias1507", "Subsequencias1507\Subsequencias1507.csproj", "{D6A01CC5-04B4-4DF7-8718-A868524104AE}"
EndProject
Global
	GlobalSection(SolutionConfigurationPlatforms) = preSolution
		Debug|Any CPU = Debug|Any CPU
		Release|Any CPU = Release|Any CPU
	EndGlobalSection
	GlobalSection(ProjectConfigurationPlatforms) = postSolution
		{D6A01CC5-04B4-4DF7-8718-A868524104AE}.Debug|Any CPU.ActiveCfg = Debug|Any CPU
		{D6A01CC5-04B4-4DF7-8718-A868524104AE}.Debug|Any CPU.Build.0 = Debug|Any CPU
		{D6A01CC5-04B4-4DF7-8718-A868524104AE}.Release|Any CPU.ActiveCfg = Release|Any CPU
		{D6A01CC5-04B4-4DF7-8718-A868524104AE}.Release|Any CPU.Build.0 = Release|Any CPU
	EndGlobalSection
	GlobalSection(SolutionProperties) = preSolution
		HideSolutionNode = FALSE
	EndGlobalSection
	GlobalSection(ExtensibilityGlobals) = postSolution
		SolutionGuid = {C5F4463E-B587-4766-85FE-E40C4F240BF8}
	EndGlobalSection
EndGlobal
