
Microsoft Visual Studio Solution File, Format Version 12.00
# Visual Studio Version 17
VisualStudioVersion = 17.1.32421.90
MinimumVisualStudioVersion = 10.0.40219.1
Project("{FAE04EC0-301F-11D3-BF4B-00C04F79EFBC}") = "Cedulas1018", "Cedulas1018\Cedulas1018.csproj", "{5AD718E0-39B3-4F34-B000-F5DCF8E7FC04}"
EndProject
Global
	GlobalSection(SolutionConfigurationPlatforms) = preSolution
		Debug|Any CPU = Debug|Any CPU
		Release|Any CPU = Release|Any CPU
	EndGlobalSection
	GlobalSection(ProjectConfigurationPlatforms) = postSolution
		{5AD718E0-39B3-4F34-B000-F5DCF8E7FC04}.Debug|Any CPU.ActiveCfg = Debug|Any CPU
		{5AD718E0-39B3-4F34-B000-F5DCF8E7FC04}.Debug|Any CPU.Build.0 = Debug|Any CPU
		{5AD718E0-39B3-4F34-B000-F5DCF8E7FC04}.Release|Any CPU.ActiveCfg = Release|Any CPU
		{5AD718E0-39B3-4F34-B000-F5DCF8E7FC04}.Release|Any CPU.Build.0 = Release|Any CPU
	EndGlobalSection
	GlobalSection(SolutionProperties) = preSolution
		HideSolutionNode = FALSE
	EndGlobalSection
	GlobalSection(ExtensibilityGlobals) = postSolution
		SolutionGuid = {3EE1166C-E31D-42DF-9859-CD736723CCC2}
	EndGlobalSection
EndGlobal
