
Microsoft Visual Studio Solution File, Format Version 12.00
# Visual Studio Version 17
VisualStudioVersion = 17.1.32421.90
MinimumVisualStudioVersion = 10.0.40219.1
Project("{9A19103F-16F7-4668-BE54-9A1E7A4F7556}") = "SalarioComBonus1009", "SalarioComBonus1009\SalarioComBonus1009.csproj", "{D3018955-B645-46CD-B3FA-39213D4EBA5C}"
EndProject
Global
	GlobalSection(SolutionConfigurationPlatforms) = preSolution
		Debug|Any CPU = Debug|Any CPU
		Release|Any CPU = Release|Any CPU
	EndGlobalSection
	GlobalSection(ProjectConfigurationPlatforms) = postSolution
		{D3018955-B645-46CD-B3FA-39213D4EBA5C}.Debug|Any CPU.ActiveCfg = Debug|Any CPU
		{D3018955-B645-46CD-B3FA-39213D4EBA5C}.Debug|Any CPU.Build.0 = Debug|Any CPU
		{D3018955-B645-46CD-B3FA-39213D4EBA5C}.Release|Any CPU.ActiveCfg = Release|Any CPU
		{D3018955-B645-46CD-B3FA-39213D4EBA5C}.Release|Any CPU.Build.0 = Release|Any CPU
	EndGlobalSection
	GlobalSection(SolutionProperties) = preSolution
		HideSolutionNode = FALSE
	EndGlobalSection
	GlobalSection(ExtensibilityGlobals) = postSolution
		SolutionGuid = {87D426A9-7D4B-49A9-9085-2DCCD8C650C2}
	EndGlobalSection
EndGlobal
